
Microsoft Visual Studio Solution File, Format Version 12.00
# Visual Studio Version 17
VisualStudioVersion = 17.8.34511.84
MinimumVisualStudioVersion = 10.0.40219.1
Project("{FAE04EC0-301F-11D3-BF4B-00C04F79EFBC}") = "Poznamky", "Poznamky\Poznamky.csproj", "{896FBBAB-EEF1-4D0E-8F46-0BB0957DD272}"
EndProject
Global
	GlobalSection(SolutionConfigurationPlatforms) = preSolution
		Debug|Any CPU = Debug|Any CPU
		Release|Any CPU = Release|Any CPU
	EndGlobalSection
	GlobalSection(ProjectConfigurationPlatforms) = postSolution
		{896FBBAB-EEF1-4D0E-8F46-0BB0957DD272}.Debug|Any CPU.ActiveCfg = Debug|Any CPU
		{896FBBAB-EEF1-4D0E-8F46-0BB0957DD272}.Debug|Any CPU.Build.0 = Debug|Any CPU
		{896FBBAB-EEF1-4D0E-8F46-0BB0957DD272}.Release|Any CPU.ActiveCfg = Release|Any CPU
		{896FBBAB-EEF1-4D0E-8F46-0BB0957DD272}.Release|Any CPU.Build.0 = Release|Any CPU
	EndGlobalSection
	GlobalSection(SolutionProperties) = preSolution
		HideSolutionNode = FALSE
	EndGlobalSection
	GlobalSection(ExtensibilityGlobals) = postSolution
		SolutionGuid = {BC4F7B6E-7C2C-4ACD-99D1-F2AC280363E0}
	EndGlobalSection
EndGlobal
